
Microsoft Visual Studio Solution File, Format Version 12.00
# Visual Studio 15
VisualStudioVersion = 15.0.27703.2035
MinimumVisualStudioVersion = 10.0.40219.1
Project("{FAE04EC0-301F-11D3-BF4B-00C04F79EFBC}") = "eShop.Loader", "eShop.Loader\eShop.Loader.csproj", "{57E33B80-D577-4EF7-B351-1CA02DEAA47E}"
EndProject
Project("{FAE04EC0-301F-11D3-BF4B-00C04F79EFBC}") = "eShop.Data", "eShop.Data\eShop.Data.csproj", "{5A0E4FC5-2CC3-4C35-845D-FD9CEC0CDCB0}"
EndProject
Global
	GlobalSection(SolutionConfigurationPlatforms) = preSolution
		Debug|Any CPU = Debug|Any CPU
		Release|Any CPU = Release|Any CPU
	EndGlobalSection
	GlobalSection(ProjectConfigurationPlatforms) = postSolution
		{57E33B80-D577-4EF7-B351-1CA02DEAA47E}.Debug|Any CPU.ActiveCfg = Debug|Any CPU
		{57E33B80-D577-4EF7-B351-1CA02DEAA47E}.Debug|Any CPU.Build.0 = Debug|Any CPU
		{57E33B80-D577-4EF7-B351-1CA02DEAA47E}.Release|Any CPU.ActiveCfg = Release|Any CPU
		{57E33B80-D577-4EF7-B351-1CA02DEAA47E}.Release|Any CPU.Build.0 = Release|Any CPU
		{5A0E4FC5-2CC3-4C35-845D-FD9CEC0CDCB0}.Debug|Any CPU.ActiveCfg = Debug|Any CPU
		{5A0E4FC5-2CC3-4C35-845D-FD9CEC0CDCB0}.Debug|Any CPU.Build.0 = Debug|Any CPU
		{5A0E4FC5-2CC3-4C35-845D-FD9CEC0CDCB0}.Release|Any CPU.ActiveCfg = Release|Any CPU
		{5A0E4FC5-2CC3-4C35-845D-FD9CEC0CDCB0}.Release|Any CPU.Build.0 = Release|Any CPU
	EndGlobalSection
	GlobalSection(SolutionProperties) = preSolution
		HideSolutionNode = FALSE
	EndGlobalSection
	GlobalSection(ExtensibilityGlobals) = postSolution
		SolutionGuid = {3D1343FB-E4D2-4868-8A30-75E2C4FC5098}
	EndGlobalSection
EndGlobal
